<Solution>
  <Project Path="Live2D.Cubism.csproj" />
  <Project Path="Febucci.TextAnimator.Runtime.csproj" />
  <Project Path="Assembly-CSharp-Editor.csproj" />
  <Project Path="Assembly-CSharp-firstpass.csproj" />
  <Project Path="Assembly-CSharp.csproj" />
  <Project Path="StompyRobot.SRF.csproj" />
  <Project Path="Tool.csproj" />
  <Project Path="StompyRobot.SRDebugger.Editor.csproj" />
  <Project Path="Loc.Workbench.Editor.csproj" />
  <Project Path="StompyRobot.SRDebugger.csproj" />
  <Project Path="Sirenix.OdinInspector.Modules.UnityLocalization.Editor.csproj" />
  <Project Path="Febucci.TextAnimator.Editor.csproj" />
  <Project Path="Live2D.Cubism.Editor.csproj" />
  <Project Path="TestSystem.csproj" />
  <Project Path="Assembly-CSharp-Editor-firstpass.csproj" />
  <Project Path="Febucci.Attributes.Editor.csproj" />
  <Project Path="Loc.csproj" />
  <Project Path="DamageNumbersPro.csproj" />
  <Project Path="UnityMcp.Editor.csproj" />
  <Project Path="GptLocalization.csproj" />
  <Project Path="Sirenix.OdinInspector.Modules.Unity.Addressables.csproj" />
  <Project Path="Febucci.TextAnimator.TMP.Runtime.csproj" />
  <Project Path="Febucci.Attributes.Runtime.csproj" />
  <Project Path="StompyRobot.SRF.Editor.csproj" />
  <Project Path="Loc.Editor.csproj" />
  <Project Path="Sirenix.OdinInspector.Modules.UnityMathematics.csproj" />
  <Project Path="Sirenix.OdinInspector.Modules.UnityLocalization.csproj" />
  <Project Path="UnityMcp.Compile.Editor.csproj" />
</Solution>
